
Microsoft Visual Studio Solution File, Format Version 12.00
# Visual Studio Version 17
VisualStudioVersion = 17.14.36623.8 d17.14
MinimumVisualStudioVersion = 10.0.40219.1
Project("{FAE04EC0-301F-11D3-BF4B-00C04F79EFBC}") = "SupportDeskSystem.Web", "SupportDeskSystem.Web\SupportDeskSystem.Web.csproj", "{6FFC3BD9-0999-48D2-9F51-B91562DADDBE}"
EndProject
Global
	GlobalSection(SolutionConfigurationPlatforms) = preSolution
		Debug|Any CPU = Debug|Any CPU
		Release|Any CPU = Release|Any CPU
	EndGlobalSection
	GlobalSection(ProjectConfigurationPlatforms) = postSolution
		{6FFC3BD9-0999-48D2-9F51-B91562DADDBE}.Debug|Any CPU.ActiveCfg = Debug|Any CPU
		{6FFC3BD9-0999-48D2-9F51-B91562DADDBE}.Debug|Any CPU.Build.0 = Debug|Any CPU
		{6FFC3BD9-0999-48D2-9F51-B91562DADDBE}.Release|Any CPU.ActiveCfg = Release|Any CPU
		{6FFC3BD9-0999-48D2-9F51-B91562DADDBE}.Release|Any CPU.Build.0 = Release|Any CPU
	EndGlobalSection
	GlobalSection(SolutionProperties) = preSolution
		HideSolutionNode = FALSE
	EndGlobalSection
	GlobalSection(ExtensibilityGlobals) = postSolution
		SolutionGuid = {07E3617D-87A7-4726-8B4F-73441AEFCD85}
	EndGlobalSection
EndGlobal
